
Microsoft Visual Studio Solution File, Format Version 12.00
# Visual Studio 14
VisualStudioVersion = 14.0.25420.1
MinimumVisualStudioVersion = 10.0.40219.1
Project("{FAE04EC0-301F-11D3-BF4B-00C04F79EFBC}") = "DentProyPCL", "DentProyPCL\DentProyPCL.csproj", "{812A0F6C-B801-4071-A177-AB9A4D235883}"
EndProject
Project("{FAE04EC0-301F-11D3-BF4B-00C04F79EFBC}") = "DentProy.Droid", "DentProy\DentProy.Droid\DentProy.Droid.csproj", "{9ACD0BA5-3DE0-40D1-819B-F4198C4B360C}"
EndProject
Project("{FAE04EC0-301F-11D3-BF4B-00C04F79EFBC}") = "DentProy.iOS", "DentProy\DentProy.iOS\DentProy.iOS.csproj", "{D2D40DBB-15A4-4890-9770-BFF2DDEC5D85}"
EndProject
Project("{FAE04EC0-301F-11D3-BF4B-00C04F79EFBC}") = "DentProy.WinPhone", "DentProy\DentProy.WinPhone\DentProy.WinPhone.csproj", "{E5576DD8-A499-4E71-AEC8-8E64EC8B1B84}"
EndProject
Project("{FAE04EC0-301F-11D3-BF4B-00C04F79EFBC}") = "DentProy", "DentProy\DentProy\DentProy.csproj", "{5C346AB2-B00E-4F4F-A4C3-431DBF2DA45A}"
EndProject
Global
	GlobalSection(SolutionConfigurationPlatforms) = preSolution
		Debug|Any CPU = Debug|Any CPU
		Debug|ARM = Debug|ARM
		Debug|iPhone = Debug|iPhone
		Debug|iPhoneSimulator = Debug|iPhoneSimulator
		Debug|x86 = Debug|x86
		Release|Any CPU = Release|Any CPU
		Release|ARM = Release|ARM
		Release|iPhone = Release|iPhone
		Release|iPhoneSimulator = Release|iPhoneSimulator
		Release|x86 = Release|x86
	EndGlobalSection
	GlobalSection(ProjectConfigurationPlatforms) = postSolution
		{812A0F6C-B801-4071-A177-AB9A4D235883}.Debug|Any CPU.ActiveCfg = Debug|Any CPU
		{812A0F6C-B801-4071-A177-AB9A4D235883}.Debug|Any CPU.Build.0 = Debug|Any CPU
		{812A0F6C-B801-4071-A177-AB9A4D235883}.Debug|ARM.ActiveCfg = Debug|Any CPU
		{812A0F6C-B801-4071-A177-AB9A4D235883}.Debug|ARM.Build.0 = Debug|Any CPU
		{812A0F6C-B801-4071-A177-AB9A4D235883}.Debug|iPhone.ActiveCfg = Debug|Any CPU
		{812A0F6C-B801-4071-A177-AB9A4D235883}.Debug|iPhone.Build.0 = Debug|Any CPU
		{812A0F6C-B801-4071-A177-AB9A4D235883}.Debug|iPhoneSimulator.ActiveCfg = Debug|Any CPU
		{812A0F6C-B801-4071-A177-AB9A4D235883}.Debug|iPhoneSimulator.Build.0 = Debug|Any CPU
		{812A0F6C-B801-4071-A177-AB9A4D235883}.Debug|x86.ActiveCfg = Debug|Any CPU
		{812A0F6C-B801-4071-A177-AB9A4D235883}.Debug|x86.Build.0 = Debug|Any CPU
		{812A0F6C-B801-4071-A177-AB9A4D235883}.Release|Any CPU.ActiveCfg = Release|Any CPU
		{812A0F6C-B801-4071-A177-AB9A4D235883}.Release|Any CPU.Build.0 = Release|Any CPU
		{812A0F6C-B801-4071-A177-AB9A4D235883}.Release|ARM.ActiveCfg = Release|Any CPU
		{812A0F6C-B801-4071-A177-AB9A4D235883}.Release|ARM.Build.0 = Release|Any CPU
		{812A0F6C-B801-4071-A177-AB9A4D235883}.Release|iPhone.ActiveCfg = Release|Any CPU
		{812A0F6C-B801-4071-A177-AB9A4D235883}.Release|iPhone.Build.0 = Release|Any CPU
		{812A0F6C-B801-4071-A177-AB9A4D235883}.Release|iPhoneSimulator.ActiveCfg = Release|Any CPU
		{812A0F6C-B801-4071-A177-AB9A4D235883}.Release|iPhoneSimulator.Build.0 = Release|Any CPU
		{812A0F6C-B801-4071-A177-AB9A4D235883}.Release|x86.ActiveCfg = Release|Any CPU
		{812A0F6C-B801-4071-A177-AB9A4D235883}.Release|x86.Build.0 = Release|Any CPU
		{9ACD0BA5-3DE0-40D1-819B-F4198C4B360C}.Debug|Any CPU.ActiveCfg = Debug|Any CPU
		{9ACD0BA5-3DE0-40D1-819B-F4198C4B360C}.Debug|Any CPU.Build.0 = Debug|Any CPU
		{9ACD0BA5-3DE0-40D1-819B-F4198C4B360C}.Debug|Any CPU.Deploy.0 = Debug|Any CPU
		{9ACD0BA5-3DE0-40D1-819B-F4198C4B360C}.Debug|ARM.ActiveCfg = Debug|Any CPU
		{9ACD0BA5-3DE0-40D1-819B-F4198C4B360C}.Debug|ARM.Build.0 = Debug|Any CPU
		{9ACD0BA5-3DE0-40D1-819B-F4198C4B360C}.Debug|ARM.Deploy.0 = Debug|Any CPU
		{9ACD0BA5-3DE0-40D1-819B-F4198C4B360C}.Debug|iPhone.ActiveCfg = Debug|Any CPU
		{9ACD0BA5-3DE0-40D1-819B-F4198C4B360C}.Debug|iPhone.Build.0 = Debug|Any CPU
		{9ACD0BA5-3DE0-40D1-819B-F4198C4B360C}.Debug|iPhone.Deploy.0 = Debug|Any CPU
		{9ACD0BA5-3DE0-40D1-819B-F4198C4B360C}.Debug|iPhoneSimulator.ActiveCfg = Debug|Any CPU
		{9ACD0BA5-3DE0-40D1-819B-F4198C4B360C}.Debug|iPhoneSimulator.Build.0 = Debug|Any CPU
		{9ACD0BA5-3DE0-40D1-819B-F4198C4B360C}.Debug|iPhoneSimulator.Deploy.0 = Debug|Any CPU
		{9ACD0BA5-3DE0-40D1-819B-F4198C4B360C}.Debug|x86.ActiveCfg = Debug|Any CPU
		{9ACD0BA5-3DE0-40D1-819B-F4198C4B360C}.Debug|x86.Build.0 = Debug|Any CPU
		{9ACD0BA5-3DE0-40D1-819B-F4198C4B360C}.Debug|x86.Deploy.0 = Debug|Any CPU
		{9ACD0BA5-3DE0-40D1-819B-F4198C4B360C}.Release|Any CPU.ActiveCfg = Release|Any CPU
		{9ACD0BA5-3DE0-40D1-819B-F4198C4B360C}.Release|Any CPU.Build.0 = Release|Any CPU
		{9ACD0BA5-3DE0-40D1-819B-F4198C4B360C}.Release|Any CPU.Deploy.0 = Release|Any CPU
		{9ACD0BA5-3DE0-40D1-819B-F4198C4B360C}.Release|ARM.ActiveCfg = Release|Any CPU
		{9ACD0BA5-3DE0-40D1-819B-F4198C4B360C}.Release|ARM.Build.0 = Release|Any CPU
		{9ACD0BA5-3DE0-40D1-819B-F4198C4B360C}.Release|ARM.Deploy.0 = Release|Any CPU
		{9ACD0BA5-3DE0-40D1-819B-F4198C4B360C}.Release|iPhone.ActiveCfg = Release|Any CPU
		{9ACD0BA5-3DE0-40D1-819B-F4198C4B360C}.Release|iPhone.Build.0 = Release|Any CPU
		{9ACD0BA5-3DE0-40D1-819B-F4198C4B360C}.Release|iPhone.Deploy.0 = Release|Any CPU
		{9ACD0BA5-3DE0-40D1-819B-F4198C4B360C}.Release|iPhoneSimulator.ActiveCfg = Release|Any CPU
		{9ACD0BA5-3DE0-40D1-819B-F4198C4B360C}.Release|iPhoneSimulator.Build.0 = Release|Any CPU
		{9ACD0BA5-3DE0-40D1-819B-F4198C4B360C}.Release|iPhoneSimulator.Deploy.0 = Release|Any CPU
		{9ACD0BA5-3DE0-40D1-819B-F4198C4B360C}.Release|x86.ActiveCfg = Release|Any CPU
		{9ACD0BA5-3DE0-40D1-819B-F4198C4B360C}.Release|x86.Build.0 = Release|Any CPU
		{9ACD0BA5-3DE0-40D1-819B-F4198C4B360C}.Release|x86.Deploy.0 = Release|Any CPU
		{D2D40DBB-15A4-4890-9770-BFF2DDEC5D85}.Debug|Any CPU.ActiveCfg = Debug|iPhone
		{D2D40DBB-15A4-4890-9770-BFF2DDEC5D85}.Debug|ARM.ActiveCfg = Debug|iPhone
		{D2D40DBB-15A4-4890-9770-BFF2DDEC5D85}.Debug|iPhone.ActiveCfg = Debug|iPhone
		{D2D40DBB-15A4-4890-9770-BFF2DDEC5D85}.Debug|iPhone.Build.0 = Debug|iPhone
		{D2D40DBB-15A4-4890-9770-BFF2DDEC5D85}.Debug|iPhoneSimulator.ActiveCfg = Debug|iPhoneSimulator
		{D2D40DBB-15A4-4890-9770-BFF2DDEC5D85}.Debug|iPhoneSimulator.Build.0 = Debug|iPhoneSimulator
		{D2D40DBB-15A4-4890-9770-BFF2DDEC5D85}.Debug|x86.ActiveCfg = Debug|iPhone
		{D2D40DBB-15A4-4890-9770-BFF2DDEC5D85}.Release|Any CPU.ActiveCfg = Release|iPhone
		{D2D40DBB-15A4-4890-9770-BFF2DDEC5D85}.Release|ARM.ActiveCfg = Release|iPhone
		{D2D40DBB-15A4-4890-9770-BFF2DDEC5D85}.Release|iPhone.ActiveCfg = Release|iPhone
		{D2D40DBB-15A4-4890-9770-BFF2DDEC5D85}.Release|iPhone.Build.0 = Release|iPhone
		{D2D40DBB-15A4-4890-9770-BFF2DDEC5D85}.Release|iPhoneSimulator.ActiveCfg = Release|iPhoneSimulator
		{D2D40DBB-15A4-4890-9770-BFF2DDEC5D85}.Release|iPhoneSimulator.Build.0 = Release|iPhoneSimulator
		{D2D40DBB-15A4-4890-9770-BFF2DDEC5D85}.Release|x86.ActiveCfg = Release|iPhone
		{E5576DD8-A499-4E71-AEC8-8E64EC8B1B84}.Debug|Any CPU.ActiveCfg = Debug|Any CPU
		{E5576DD8-A499-4E71-AEC8-8E64EC8B1B84}.Debug|Any CPU.Build.0 = Debug|Any CPU
		{E5576DD8-A499-4E71-AEC8-8E64EC8B1B84}.Debug|Any CPU.Deploy.0 = Debug|Any CPU
		{E5576DD8-A499-4E71-AEC8-8E64EC8B1B84}.Debug|ARM.ActiveCfg = Debug|ARM
		{E5576DD8-A499-4E71-AEC8-8E64EC8B1B84}.Debug|ARM.Build.0 = Debug|ARM
		{E5576DD8-A499-4E71-AEC8-8E64EC8B1B84}.Debug|ARM.Deploy.0 = Debug|ARM
		{E5576DD8-A499-4E71-AEC8-8E64EC8B1B84}.Debug|iPhone.ActiveCfg = Debug|Any CPU
		{E5576DD8-A499-4E71-AEC8-8E64EC8B1B84}.Debug|iPhone.Build.0 = Debug|Any CPU
		{E5576DD8-A499-4E71-AEC8-8E64EC8B1B84}.Debug|iPhone.Deploy.0 = Debug|Any CPU
		{E5576DD8-A499-4E71-AEC8-8E64EC8B1B84}.Debug|iPhoneSimulator.ActiveCfg = Debug|Any CPU
		{E5576DD8-A499-4E71-AEC8-8E64EC8B1B84}.Debug|iPhoneSimulator.Build.0 = Debug|Any CPU
		{E5576DD8-A499-4E71-AEC8-8E64EC8B1B84}.Debug|iPhoneSimulator.Deploy.0 = Debug|Any CPU
		{E5576DD8-A499-4E71-AEC8-8E64EC8B1B84}.Debug|x86.ActiveCfg = Debug|x86
		{E5576DD8-A499-4E71-AEC8-8E64EC8B1B84}.Debug|x86.Build.0 = Debug|x86
		{E5576DD8-A499-4E71-AEC8-8E64EC8B1B84}.Debug|x86.Deploy.0 = Debug|x86
		{E5576DD8-A499-4E71-AEC8-8E64EC8B1B84}.Release|Any CPU.ActiveCfg = Release|Any CPU
		{E5576DD8-A499-4E71-AEC8-8E64EC8B1B84}.Release|Any CPU.Build.0 = Release|Any CPU
		{E5576DD8-A499-4E71-AEC8-8E64EC8B1B84}.Release|Any CPU.Deploy.0 = Release|Any CPU
		{E5576DD8-A499-4E71-AEC8-8E64EC8B1B84}.Release|ARM.ActiveCfg = Release|ARM
		{E5576DD8-A499-4E71-AEC8-8E64EC8B1B84}.Release|ARM.Build.0 = Release|ARM
		{E5576DD8-A499-4E71-AEC8-8E64EC8B1B84}.Release|ARM.Deploy.0 = Release|ARM
		{E5576DD8-A499-4E71-AEC8-8E64EC8B1B84}.Release|iPhone.ActiveCfg = Release|Any CPU
		{E5576DD8-A499-4E71-AEC8-8E64EC8B1B84}.Release|iPhone.Build.0 = Release|Any CPU
		{E5576DD8-A499-4E71-AEC8-8E64EC8B1B84}.Release|iPhone.Deploy.0 = Release|Any CPU
		{E5576DD8-A499-4E71-AEC8-8E64EC8B1B84}.Release|iPhoneSimulator.ActiveCfg = Release|Any CPU
		{E5576DD8-A499-4E71-AEC8-8E64EC8B1B84}.Release|iPhoneSimulator.Build.0 = Release|Any CPU
		{E5576DD8-A499-4E71-AEC8-8E64EC8B1B84}.Release|iPhoneSimulator.Deploy.0 = Release|Any CPU
		{E5576DD8-A499-4E71-AEC8-8E64EC8B1B84}.Release|x86.ActiveCfg = Release|x86
		{E5576DD8-A499-4E71-AEC8-8E64EC8B1B84}.Release|x86.Build.0 = Release|x86
		{E5576DD8-A499-4E71-AEC8-8E64EC8B1B84}.Release|x86.Deploy.0 = Release|x86
		{5C346AB2-B00E-4F4F-A4C3-431DBF2DA45A}.Debug|Any CPU.ActiveCfg = Debug|Any CPU
		{5C346AB2-B00E-4F4F-A4C3-431DBF2DA45A}.Debug|Any CPU.Build.0 = Debug|Any CPU
		{5C346AB2-B00E-4F4F-A4C3-431DBF2DA45A}.Debug|ARM.ActiveCfg = Debug|Any CPU
		{5C346AB2-B00E-4F4F-A4C3-431DBF2DA45A}.Debug|ARM.Build.0 = Debug|Any CPU
		{5C346AB2-B00E-4F4F-A4C3-431DBF2DA45A}.Debug|iPhone.ActiveCfg = Debug|Any CPU
		{5C346AB2-B00E-4F4F-A4C3-431DBF2DA45A}.Debug|iPhone.Build.0 = Debug|Any CPU
		{5C346AB2-B00E-4F4F-A4C3-431DBF2DA45A}.Debug|iPhoneSimulator.ActiveCfg = Debug|Any CPU
		{5C346AB2-B00E-4F4F-A4C3-431DBF2DA45A}.Debug|iPhoneSimulator.Build.0 = Debug|Any CPU
		{5C346AB2-B00E-4F4F-A4C3-431DBF2DA45A}.Debug|x86.ActiveCfg = Debug|Any CPU
		{5C346AB2-B00E-4F4F-A4C3-431DBF2DA45A}.Debug|x86.Build.0 = Debug|Any CPU
		{5C346AB2-B00E-4F4F-A4C3-431DBF2DA45A}.Release|Any CPU.ActiveCfg = Release|Any CPU
		{5C346AB2-B00E-4F4F-A4C3-431DBF2DA45A}.Release|Any CPU.Build.0 = Release|Any CPU
		{5C346AB2-B00E-4F4F-A4C3-431DBF2DA45A}.Release|ARM.ActiveCfg = Release|Any CPU
		{5C346AB2-B00E-4F4F-A4C3-431DBF2DA45A}.Release|ARM.Build.0 = Release|Any CPU
		{5C346AB2-B00E-4F4F-A4C3-431DBF2DA45A}.Release|iPhone.ActiveCfg = Release|Any CPU
		{5C346AB2-B00E-4F4F-A4C3-431DBF2DA45A}.Release|iPhone.Build.0 = Release|Any CPU
		{5C346AB2-B00E-4F4F-A4C3-431DBF2DA45A}.Release|iPhoneSimulator.ActiveCfg = Release|Any CPU
		{5C346AB2-B00E-4F4F-A4C3-431DBF2DA45A}.Release|iPhoneSimulator.Build.0 = Release|Any CPU
		{5C346AB2-B00E-4F4F-A4C3-431DBF2DA45A}.Release|x86.ActiveCfg = Release|Any CPU
		{5C346AB2-B00E-4F4F-A4C3-431DBF2DA45A}.Release|x86.Build.0 = Release|Any CPU
	EndGlobalSection
	GlobalSection(SolutionProperties) = preSolution
		HideSolutionNode = FALSE
	EndGlobalSection
EndGlobal
